// !$*UTF8*$!
{
	archiveVersion = 1;
	classes = {
	};
	objectVersion = 55;
	objects = {

/* Begin PBXBuildFile section */
		5EC724251F7A0CDAD272D294 /* Pods_LiveScore.framework in Frameworks */ = {isa = PBXBuildFile; fileRef = C6358F4F9F9C454E07813EFD /* Pods_LiveScore.framework */; };
		7F23ACBA284E437500CC98FF /* AppDelegate.swift in Sources */ = {isa = PBXBuildFile; fileRef = 7F23ACB9284E437500CC98FF /* AppDelegate.swift */; };
		7F23ACBC284E437500CC98FF /* SceneDelegate.swift in Sources */ = {isa = PBXBuildFile; fileRef = 7F23ACBB284E437500CC98FF /* SceneDelegate.swift */; };
		7F23ACC6284E437D00CC98FF /* LaunchScreen.storyboard in Resources */ = {isa = PBXBuildFile; fileRef = 7F23ACC4284E437D00CC98FF /* LaunchScreen.storyboard */; };
		7F23ACDA284EAB0700CC98FF /* SplashViewController.swift in Sources */ = {isa = PBXBuildFile; fileRef = 7F23ACD9284EAB0700CC98FF /* SplashViewController.swift */; };
		7F23ACDF284F709F00CC98FF /* Splash.storyboard in Resources */ = {isa = PBXBuildFile; fileRef = 7F23ACDE284F709F00CC98FF /* Splash.storyboard */; };
		7F23ACEF284F784B00CC98FF /* Colors.xcassets in Resources */ = {isa = PBXBuildFile; fileRef = 7F23ACEE284F784B00CC98FF /* Colors.xcassets */; };
		7F23ACF1284F7C6B00CC98FF /* Assets.xcassets in Resources */ = {isa = PBXBuildFile; fileRef = 7F23ACF0284F7C6B00CC98FF /* Assets.xcassets */; };
		7F2508F328545FD6000F70E2 /* SplashModel.swift in Sources */ = {isa = PBXBuildFile; fileRef = 7F2508F228545FD6000F70E2 /* SplashModel.swift */; };
		7F2508F628546A11000F70E2 /* NetworkManager.swift in Sources */ = {isa = PBXBuildFile; fileRef = 7F2508F528546A11000F70E2 /* NetworkManager.swift */; };
		7F9804F1287D930300E2476D /* UIFont+Custom.swift in Sources */ = {isa = PBXBuildFile; fileRef = 7F9804F0287D930300E2476D /* UIFont+Custom.swift */; };
		7F9804FF287D958C00E2476D /* SourceSansPro-Italic.ttf in Resources */ = {isa = PBXBuildFile; fileRef = 7F9804F3287D958B00E2476D /* SourceSansPro-Italic.ttf */; };
		7F980500287D958C00E2476D /* SourceSansPro-SemiBold.ttf in Resources */ = {isa = PBXBuildFile; fileRef = 7F9804F4287D958B00E2476D /* SourceSansPro-SemiBold.ttf */; };
		7F980501287D958C00E2476D /* SourceSansPro-ExtraLight.ttf in Resources */ = {isa = PBXBuildFile; fileRef = 7F9804F5287D958B00E2476D /* SourceSansPro-ExtraLight.ttf */; };
		7F980502287D958C00E2476D /* SourceSansPro-Bold.ttf in Resources */ = {isa = PBXBuildFile; fileRef = 7F9804F6287D958B00E2476D /* SourceSansPro-Bold.ttf */; };
		7F980503287D958C00E2476D /* SourceSansPro-Black.ttf in Resources */ = {isa = PBXBuildFile; fileRef = 7F9804F7287D958B00E2476D /* SourceSansPro-Black.ttf */; };
		7F980504287D958C00E2476D /* SourceSansPro-BlackItalic.ttf in Resources */ = {isa = PBXBuildFile; fileRef = 7F9804F8287D958B00E2476D /* SourceSansPro-BlackItalic.ttf */; };
		7F980505287D958C00E2476D /* SourceSansPro-Light.ttf in Resources */ = {isa = PBXBuildFile; fileRef = 7F9804F9287D958C00E2476D /* SourceSansPro-Light.ttf */; };
		7F980506287D958C00E2476D /* SourceSansPro-Regular.ttf in Resources */ = {isa = PBXBuildFile; fileRef = 7F9804FA287D958C00E2476D /* SourceSansPro-Regular.ttf */; };
		7F980507287D958C00E2476D /* SourceSansPro-BoldItalic.ttf in Resources */ = {isa = PBXBuildFile; fileRef = 7F9804FB287D958C00E2476D /* SourceSansPro-BoldItalic.ttf */; };
		7F980508287D958C00E2476D /* SourceSansPro-ExtraLightItalic.ttf in Resources */ = {isa = PBXBuildFile; fileRef = 7F9804FC287D958C00E2476D /* SourceSansPro-ExtraLightItalic.ttf */; };
		7F980509287D958C00E2476D /* SourceSansPro-LightItalic.ttf in Resources */ = {isa = PBXBuildFile; fileRef = 7F9804FD287D958C00E2476D /* SourceSansPro-LightItalic.ttf */; };
		7F98050A287D958C00E2476D /* SourceSansPro-SemiBoldItalic.ttf in Resources */ = {isa = PBXBuildFile; fileRef = 7F9804FE287D958C00E2476D /* SourceSansPro-SemiBoldItalic.ttf */; };
		7F980511287DB81400E2476D /* ExploreViewController.swift in Sources */ = {isa = PBXBuildFile; fileRef = 7F980510287DB81400E2476D /* ExploreViewController.swift */; };
		7F980513287DB83A00E2476D /* MatchesViewController.swift in Sources */ = {isa = PBXBuildFile; fileRef = 7F980512287DB83A00E2476D /* MatchesViewController.swift */; };
		7FAACC2728531CEB0039DA2F /* SplashCollectionViewCell.swift in Sources */ = {isa = PBXBuildFile; fileRef = 7FAACC2528531CEB0039DA2F /* SplashCollectionViewCell.swift */; };
		7FAACC2828531CEB0039DA2F /* SplashCollectionViewCell.xib in Resources */ = {isa = PBXBuildFile; fileRef = 7FAACC2628531CEB0039DA2F /* SplashCollectionViewCell.xib */; };
		7FAACC2D28532A6B0039DA2F /* HomeViewController.swift in Sources */ = {isa = PBXBuildFile; fileRef = 7FAACC2C28532A6B0039DA2F /* HomeViewController.swift */; };
		7FAACC33285332010039DA2F /* MainTabBarController.swift in Sources */ = {isa = PBXBuildFile; fileRef = 7FAACC32285332010039DA2F /* MainTabBarController.swift */; };
		7FAACC392853520B0039DA2F /* SplashViewModel.swift in Sources */ = {isa = PBXBuildFile; fileRef = 7FAACC382853520B0039DA2F /* SplashViewModel.swift */; };
		7FAACC3D28535C4F0039DA2F /* UIColor+Custom.swift in Sources */ = {isa = PBXBuildFile; fileRef = 7FAACC3C28535C4F0039DA2F /* UIColor+Custom.swift */; };
/* End PBXBuildFile section */

/* Begin PBXFileReference section */
		77C68AE57AE1BB0AB773C7F4 /* Pods-LiveScore.debug.xcconfig */ = {isa = PBXFileReference; includeInIndex = 1; lastKnownFileType = text.xcconfig; name = "Pods-LiveScore.debug.xcconfig"; path = "Target Support Files/Pods-LiveScore/Pods-LiveScore.debug.xcconfig"; sourceTree = "<group>"; };
		7F23ACB6284E437500CC98FF /* LiveScore.app */ = {isa = PBXFileReference; explicitFileType = wrapper.application; includeInIndex = 0; path = LiveScore.app; sourceTree = BUILT_PRODUCTS_DIR; };
		7F23ACB9284E437500CC98FF /* AppDelegate.swift */ = {isa = PBXFileReference; lastKnownFileType = sourcecode.swift; path = AppDelegate.swift; sourceTree = "<group>"; };
		7F23ACBB284E437500CC98FF /* SceneDelegate.swift */ = {isa = PBXFileReference; lastKnownFileType = sourcecode.swift; path = SceneDelegate.swift; sourceTree = "<group>"; };
		7F23ACC5284E437D00CC98FF /* Base */ = {isa = PBXFileReference; lastKnownFileType = file.storyboard; name = Base; path = Base.lproj/LaunchScreen.storyboard; sourceTree = "<group>"; };
		7F23ACC7284E437D00CC98FF /* Info.plist */ = {isa = PBXFileReference; lastKnownFileType = text.plist.xml; path = Info.plist; sourceTree = "<group>"; };
		7F23ACD9284EAB0700CC98FF /* SplashViewController.swift */ = {isa = PBXFileReference; lastKnownFileType = sourcecode.swift; path = SplashViewController.swift; sourceTree = "<group>"; };
		7F23ACDE284F709F00CC98FF /* Splash.storyboard */ = {isa = PBXFileReference; lastKnownFileType = file.storyboard; path = Splash.storyboard; sourceTree = "<group>"; };
		7F23ACEE284F784B00CC98FF /* Colors.xcassets */ = {isa = PBXFileReference; lastKnownFileType = folder.assetcatalog; path = Colors.xcassets; sourceTree = "<group>"; };
		7F23ACF0284F7C6B00CC98FF /* Assets.xcassets */ = {isa = PBXFileReference; lastKnownFileType = folder.assetcatalog; path = Assets.xcassets; sourceTree = "<group>"; };
		7F2508F228545FD6000F70E2 /* SplashModel.swift */ = {isa = PBXFileReference; lastKnownFileType = sourcecode.swift; path = SplashModel.swift; sourceTree = "<group>"; };
		7F2508F528546A11000F70E2 /* NetworkManager.swift */ = {isa = PBXFileReference; lastKnownFileType = sourcecode.swift; path = NetworkManager.swift; sourceTree = "<group>"; };
		7F9804F0287D930300E2476D /* UIFont+Custom.swift */ = {isa = PBXFileReference; lastKnownFileType = sourcecode.swift; path = "UIFont+Custom.swift"; sourceTree = "<group>"; };
		7F9804F3287D958B00E2476D /* SourceSansPro-Italic.ttf */ = {isa = PBXFileReference; lastKnownFileType = file; path = "SourceSansPro-Italic.ttf"; sourceTree = "<group>"; };
		7F9804F4287D958B00E2476D /* SourceSansPro-SemiBold.ttf */ = {isa = PBXFileReference; lastKnownFileType = file; path = "SourceSansPro-SemiBold.ttf"; sourceTree = "<group>"; };
		7F9804F5287D958B00E2476D /* SourceSansPro-ExtraLight.ttf */ = {isa = PBXFileReference; lastKnownFileType = file; path = "SourceSansPro-ExtraLight.ttf"; sourceTree = "<group>"; };
		7F9804F6287D958B00E2476D /* SourceSansPro-Bold.ttf */ = {isa = PBXFileReference; lastKnownFileType = file; path = "SourceSansPro-Bold.ttf"; sourceTree = "<group>"; };
		7F9804F7287D958B00E2476D /* SourceSansPro-Black.ttf */ = {isa = PBXFileReference; lastKnownFileType = file; path = "SourceSansPro-Black.ttf"; sourceTree = "<group>"; };
		7F9804F8287D958B00E2476D /* SourceSansPro-BlackItalic.ttf */ = {isa = PBXFileReference; lastKnownFileType = file; path = "SourceSansPro-BlackItalic.ttf"; sourceTree = "<group>"; };
		7F9804F9287D958C00E2476D /* SourceSansPro-Light.ttf */ = {isa = PBXFileReference; lastKnownFileType = file; path = "SourceSansPro-Light.ttf"; sourceTree = "<group>"; };
		7F9804FA287D958C00E2476D /* SourceSansPro-Regular.ttf */ = {isa = PBXFileReference; lastKnownFileType = file; path = "SourceSansPro-Regular.ttf"; sourceTree = "<group>"; };
		7F9804FB287D958C00E2476D /* SourceSansPro-BoldItalic.ttf */ = {isa = PBXFileReference; lastKnownFileType = file; path = "SourceSansPro-BoldItalic.ttf"; sourceTree = "<group>"; };
		7F9804FC287D958C00E2476D /* SourceSansPro-ExtraLightItalic.ttf */ = {isa = PBXFileReference; lastKnownFileType = file; path = "SourceSansPro-ExtraLightItalic.ttf"; sourceTree = "<group>"; };
		7F9804FD287D958C00E2476D /* SourceSansPro-LightItalic.ttf */ = {isa = PBXFileReference; lastKnownFileType = file; path = "SourceSansPro-LightItalic.ttf"; sourceTree = "<group>"; };
		7F9804FE287D958C00E2476D /* SourceSansPro-SemiBoldItalic.ttf */ = {isa = PBXFileReference; lastKnownFileType = file; path = "SourceSansPro-SemiBoldItalic.ttf"; sourceTree = "<group>"; };
		7F980510287DB81400E2476D /* ExploreViewController.swift */ = {isa = PBXFileReference; lastKnownFileType = sourcecode.swift; path = ExploreViewController.swift; sourceTree = "<group>"; };
		7F980512287DB83A00E2476D /* MatchesViewController.swift */ = {isa = PBXFileReference; lastKnownFileType = sourcecode.swift; path = MatchesViewController.swift; sourceTree = "<group>"; };
		7FAACC2528531CEB0039DA2F /* SplashCollectionViewCell.swift */ = {isa = PBXFileReference; lastKnownFileType = sourcecode.swift; path = SplashCollectionViewCell.swift; sourceTree = "<group>"; };
		7FAACC2628531CEB0039DA2F /* SplashCollectionViewCell.xib */ = {isa = PBXFileReference; lastKnownFileType = file.xib; path = SplashCollectionViewCell.xib; sourceTree = "<group>"; };
		7FAACC2C28532A6B0039DA2F /* HomeViewController.swift */ = {isa = PBXFileReference; lastKnownFileType = sourcecode.swift; path = HomeViewController.swift; sourceTree = "<group>"; };
		7FAACC32285332010039DA2F /* MainTabBarController.swift */ = {isa = PBXFileReference; lastKnownFileType = sourcecode.swift; path = MainTabBarController.swift; sourceTree = "<group>"; };
		7FAACC382853520B0039DA2F /* SplashViewModel.swift */ = {isa = PBXFileReference; lastKnownFileType = sourcecode.swift; path = SplashViewModel.swift; sourceTree = "<group>"; };
		7FAACC3C28535C4F0039DA2F /* UIColor+Custom.swift */ = {isa = PBXFileReference; lastKnownFileType = sourcecode.swift; path = "UIColor+Custom.swift"; sourceTree = "<group>"; };
		8B969D9B126483E12EDE93F0 /* Pods-LiveScore.release.xcconfig */ = {isa = PBXFileReference; includeInIndex = 1; lastKnownFileType = text.xcconfig; name = "Pods-LiveScore.release.xcconfig"; path = "Target Support Files/Pods-LiveScore/Pods-LiveScore.release.xcconfig"; sourceTree = "<group>"; };
		C6358F4F9F9C454E07813EFD /* Pods_LiveScore.framework */ = {isa = PBXFileReference; explicitFileType = wrapper.framework; includeInIndex = 0; path = Pods_LiveScore.framework; sourceTree = BUILT_PRODUCTS_DIR; };
/* End PBXFileReference section */

/* Begin PBXFrameworksBuildPhase section */
		7F23ACB3284E437500CC98FF /* Frameworks */ = {
			isa = PBXFrameworksBuildPhase;
			buildActionMask = 2147483647;
			files = (
				5EC724251F7A0CDAD272D294 /* Pods_LiveScore.framework in Frameworks */,
			);
			runOnlyForDeploymentPostprocessing = 0;
		};
/* End PBXFrameworksBuildPhase section */

/* Begin PBXGroup section */
		5C6B04EE1E46BDB387DE6737 /* Frameworks */ = {
			isa = PBXGroup;
			children = (
				C6358F4F9F9C454E07813EFD /* Pods_LiveScore.framework */,
			);
			name = Frameworks;
			sourceTree = "<group>";
		};
		7F23ACAD284E437500CC98FF = {
			isa = PBXGroup;
			children = (
				7F23ACB8284E437500CC98FF /* LiveScore */,
				7F23ACB7284E437500CC98FF /* Products */,
				97133EA7740E9B50C32134AB /* Pods */,
				5C6B04EE1E46BDB387DE6737 /* Frameworks */,
			);
			sourceTree = "<group>";
		};
		7F23ACB7284E437500CC98FF /* Products */ = {
			isa = PBXGroup;
			children = (
				7F23ACB6284E437500CC98FF /* LiveScore.app */,
			);
			name = Products;
			sourceTree = "<group>";
		};
		7F23ACB8284E437500CC98FF /* LiveScore */ = {
			isa = PBXGroup;
			children = (
				7F23ACD2284EA6C100CC98FF /* Managers */,
				7F9804EB287CF31400E2476D /* App */,
				7F23ACE0284F718100CC98FF /* Extensions */,
				7F23ACCD284EA67600CC98FF /* Supporting */,
				7F23ACD4284EA6E300CC98FF /* Resources */,
				7F23ACC4284E437D00CC98FF /* LaunchScreen.storyboard */,
				7F23ACC7284E437D00CC98FF /* Info.plist */,
			);
			path = LiveScore;
			sourceTree = "<group>";
		};
		7F23ACCD284EA67600CC98FF /* Supporting */ = {
			isa = PBXGroup;
			children = (
				7F23ACB9284E437500CC98FF /* AppDelegate.swift */,
				7F23ACBB284E437500CC98FF /* SceneDelegate.swift */,
			);
			path = Supporting;
			sourceTree = "<group>";
		};
		7F23ACCF284EA6A400CC98FF /* Views */ = {
			isa = PBXGroup;
			children = (
				7F23ACDD284F708D00CC98FF /* Core */,
			);
			path = Views;
			sourceTree = "<group>";
		};
		7F23ACD2284EA6C100CC98FF /* Managers */ = {
			isa = PBXGroup;
			children = (
				7F2508F528546A11000F70E2 /* NetworkManager.swift */,
			);
			path = Managers;
			sourceTree = "<group>";
		};
		7F23ACD4284EA6E300CC98FF /* Resources */ = {
			isa = PBXGroup;
			children = (
				7F9804F2287D957700E2476D /* Fonts */,
				7F23ACF0284F7C6B00CC98FF /* Assets.xcassets */,
				7F23ACEE284F784B00CC98FF /* Colors.xcassets */,
			);
			path = Resources;
			sourceTree = "<group>";
		};
		7F23ACD6284EA75F00CC98FF /* Cells */ = {
			isa = PBXGroup;
			children = (
				7FAACC2528531CEB0039DA2F /* SplashCollectionViewCell.swift */,
				7FAACC2628531CEB0039DA2F /* SplashCollectionViewCell.xib */,
			);
			path = Cells;
			sourceTree = "<group>";
		};
		7F23ACDD284F708D00CC98FF /* Core */ = {
			isa = PBXGroup;
			children = (
				7F23ACDE284F709F00CC98FF /* Splash.storyboard */,
			);
			path = Core;
			sourceTree = "<group>";
		};
		7F23ACE0284F718100CC98FF /* Extensions */ = {
			isa = PBXGroup;
			children = (
				7FAACC3C28535C4F0039DA2F /* UIColor+Custom.swift */,
				7F9804F0287D930300E2476D /* UIFont+Custom.swift */,
			);
			path = Extensions;
			sourceTree = "<group>";
		};
		7F9804EB287CF31400E2476D /* App */ = {
			isa = PBXGroup;
			children = (
				7F9804EE287D7E6C00E2476D /* Splash */,
				7F9804EC287CF3A100E2476D /* Main */,
				7F9804ED287CF3B100E2476D /* Home */,
				7F98050E287DB7E200E2476D /* Explore */,
				7F98050F287DB7E900E2476D /* Matches */,
				7F23ACCF284EA6A400CC98FF /* Views */,
			);
			path = App;
			sourceTree = "<group>";
		};
		7F9804EC287CF3A100E2476D /* Main */ = {
			isa = PBXGroup;
			children = (
				7FAACC32285332010039DA2F /* MainTabBarController.swift */,
			);
			path = Main;
			sourceTree = "<group>";
		};
		7F9804ED287CF3B100E2476D /* Home */ = {
			isa = PBXGroup;
			children = (
				7FAACC2C28532A6B0039DA2F /* HomeViewController.swift */,
			);
			path = Home;
			sourceTree = "<group>";
		};
		7F9804EE287D7E6C00E2476D /* Splash */ = {
			isa = PBXGroup;
			children = (
				7F23ACD6284EA75F00CC98FF /* Cells */,
				7F2508F228545FD6000F70E2 /* SplashModel.swift */,
				7FAACC382853520B0039DA2F /* SplashViewModel.swift */,
				7F23ACD9284EAB0700CC98FF /* SplashViewController.swift */,
			);
			path = Splash;
			sourceTree = "<group>";
		};
		7F9804F2287D957700E2476D /* Fonts */ = {
			isa = PBXGroup;
			children = (
				7F9804F7287D958B00E2476D /* SourceSansPro-Black.ttf */,
				7F9804F8287D958B00E2476D /* SourceSansPro-BlackItalic.ttf */,
				7F9804F6287D958B00E2476D /* SourceSansPro-Bold.ttf */,
				7F9804FB287D958C00E2476D /* SourceSansPro-BoldItalic.ttf */,
				7F9804F5287D958B00E2476D /* SourceSansPro-ExtraLight.ttf */,
				7F9804FC287D958C00E2476D /* SourceSansPro-ExtraLightItalic.ttf */,
				7F9804F3287D958B00E2476D /* SourceSansPro-Italic.ttf */,
				7F9804F9287D958C00E2476D /* SourceSansPro-Light.ttf */,
				7F9804FD287D958C00E2476D /* SourceSansPro-LightItalic.ttf */,
				7F9804FA287D958C00E2476D /* SourceSansPro-Regular.ttf */,
				7F9804F4287D958B00E2476D /* SourceSansPro-SemiBold.ttf */,
				7F9804FE287D958C00E2476D /* SourceSansPro-SemiBoldItalic.ttf */,
			);
			path = Fonts;
			sourceTree = "<group>";
		};
		7F98050E287DB7E200E2476D /* Explore */ = {
			isa = PBXGroup;
			children = (
				7F980510287DB81400E2476D /* ExploreViewController.swift */,
			);
			path = Explore;
			sourceTree = "<group>";
		};
		7F98050F287DB7E900E2476D /* Matches */ = {
			isa = PBXGroup;
			children = (
				7F980512287DB83A00E2476D /* MatchesViewController.swift */,
			);
			path = Matches;
			sourceTree = "<group>";
		};
		97133EA7740E9B50C32134AB /* Pods */ = {
			isa = PBXGroup;
			children = (
				77C68AE57AE1BB0AB773C7F4 /* Pods-LiveScore.debug.xcconfig */,
				8B969D9B126483E12EDE93F0 /* Pods-LiveScore.release.xcconfig */,
			);
			path = Pods;
			sourceTree = "<group>";
		};
/* End PBXGroup section */

/* Begin PBXNativeTarget section */
		7F23ACB5284E437500CC98FF /* LiveScore */ = {
			isa = PBXNativeTarget;
			buildConfigurationList = 7F23ACCA284E437D00CC98FF /* Build configuration list for PBXNativeTarget "LiveScore" */;
			buildPhases = (
				3E492369F2D1D5C7E136C578 /* [CP] Check Pods Manifest.lock */,
				7F23ACB2284E437500CC98FF /* Sources */,
				7F23ACB3284E437500CC98FF /* Frameworks */,
				7F23ACB4284E437500CC98FF /* Resources */,
				C72792D772BCD691FB1A3539 /* [CP] Embed Pods Frameworks */,
				7F2508F4285460B1000F70E2 /* SwiftLint */,
			);
			buildRules = (
			);
			dependencies = (
			);
			name = LiveScore;
			productName = LiveScore;
			productReference = 7F23ACB6284E437500CC98FF /* LiveScore.app */;
			productType = "com.apple.product-type.application";
		};
/* End PBXNativeTarget section */

/* Begin PBXProject section */
		7F23ACAE284E437500CC98FF /* Project object */ = {
			isa = PBXProject;
			attributes = {
				BuildIndependentTargetsInParallel = 1;
				LastSwiftUpdateCheck = 1300;
				LastUpgradeCheck = 1300;
				TargetAttributes = {
					7F23ACB5284E437500CC98FF = {
						CreatedOnToolsVersion = 13.0;
					};
				};
			};
			buildConfigurationList = 7F23ACB1284E437500CC98FF /* Build configuration list for PBXProject "LiveScore" */;
			compatibilityVersion = "Xcode 13.0";
			developmentRegion = en;
			hasScannedForEncodings = 0;
			knownRegions = (
				en,
				Base,
			);
			mainGroup = 7F23ACAD284E437500CC98FF;
			productRefGroup = 7F23ACB7284E437500CC98FF /* Products */;
			projectDirPath = "";
			projectRoot = "";
			targets = (
				7F23ACB5284E437500CC98FF /* LiveScore */,
			);
		};
/* End PBXProject section */

/* Begin PBXResourcesBuildPhase section */
		7F23ACB4284E437500CC98FF /* Resources */ = {
			isa = PBXResourcesBuildPhase;
			buildActionMask = 2147483647;
			files = (
				7F980506287D958C00E2476D /* SourceSansPro-Regular.ttf in Resources */,
				7F980507287D958C00E2476D /* SourceSansPro-BoldItalic.ttf in Resources */,
				7F980501287D958C00E2476D /* SourceSansPro-ExtraLight.ttf in Resources */,
				7F23ACEF284F784B00CC98FF /* Colors.xcassets in Resources */,
				7F980508287D958C00E2476D /* SourceSansPro-ExtraLightItalic.ttf in Resources */,
				7F98050A287D958C00E2476D /* SourceSansPro-SemiBoldItalic.ttf in Resources */,
				7F23ACC6284E437D00CC98FF /* LaunchScreen.storyboard in Resources */,
				7F980500287D958C00E2476D /* SourceSansPro-SemiBold.ttf in Resources */,
				7F980503287D958C00E2476D /* SourceSansPro-Black.ttf in Resources */,
				7F9804FF287D958C00E2476D /* SourceSansPro-Italic.ttf in Resources */,
				7F980502287D958C00E2476D /* SourceSansPro-Bold.ttf in Resources */,
				7F23ACDF284F709F00CC98FF /* Splash.storyboard in Resources */,
				7F23ACF1284F7C6B00CC98FF /* Assets.xcassets in Resources */,
				7F980509287D958C00E2476D /* SourceSansPro-LightItalic.ttf in Resources */,
				7F980504287D958C00E2476D /* SourceSansPro-BlackItalic.ttf in Resources */,
				7FAACC2828531CEB0039DA2F /* SplashCollectionViewCell.xib in Resources */,
				7F980505287D958C00E2476D /* SourceSansPro-Light.ttf in Resources */,
			);
			runOnlyForDeploymentPostprocessing = 0;
		};
/* End PBXResourcesBuildPhase section */

/* Begin PBXShellScriptBuildPhase section */
		3E492369F2D1D5C7E136C578 /* [CP] Check Pods Manifest.lock */ = {
			isa = PBXShellScriptBuildPhase;
			buildActionMask = 2147483647;
			files = (
			);
			inputFileListPaths = (
			);
			inputPaths = (
				"${PODS_PODFILE_DIR_PATH}/Podfile.lock",
				"${PODS_ROOT}/Manifest.lock",
			);
			name = "[CP] Check Pods Manifest.lock";
			outputFileListPaths = (
			);
			outputPaths = (
				"$(DERIVED_FILE_DIR)/Pods-LiveScore-checkManifestLockResult.txt",
			);
			runOnlyForDeploymentPostprocessing = 0;
			shellPath = /bin/sh;
			shellScript = "diff \"${PODS_PODFILE_DIR_PATH}/Podfile.lock\" \"${PODS_ROOT}/Manifest.lock\" > /dev/null\nif [ $? != 0 ] ; then\n    # print error to STDERR\n    echo \"error: The sandbox is not in sync with the Podfile.lock. Run 'pod install' or update your CocoaPods installation.\" >&2\n    exit 1\nfi\n# This output is used by Xcode 'outputs' to avoid re-running this script phase.\necho \"SUCCESS\" > \"${SCRIPT_OUTPUT_FILE_0}\"\n";
			showEnvVarsInLog = 0;
		};
		7F2508F4285460B1000F70E2 /* SwiftLint */ = {
			isa = PBXShellScriptBuildPhase;
			buildActionMask = 2147483647;
			files = (
			);
			inputFileListPaths = (
			);
			inputPaths = (
			);
			name = SwiftLint;
			outputFileListPaths = (
			);
			outputPaths = (
			);
			runOnlyForDeploymentPostprocessing = 0;
			shellPath = /bin/sh;
			shellScript = "\"${PODS_ROOT}/SwiftLint/swiftlint\"\n";
		};
		C72792D772BCD691FB1A3539 /* [CP] Embed Pods Frameworks */ = {
			isa = PBXShellScriptBuildPhase;
			buildActionMask = 2147483647;
			files = (
			);
			inputFileListPaths = (
				"${PODS_ROOT}/Target Support Files/Pods-LiveScore/Pods-LiveScore-frameworks-${CONFIGURATION}-input-files.xcfilelist",
			);
			name = "[CP] Embed Pods Frameworks";
			outputFileListPaths = (
				"${PODS_ROOT}/Target Support Files/Pods-LiveScore/Pods-LiveScore-frameworks-${CONFIGURATION}-output-files.xcfilelist",
			);
			runOnlyForDeploymentPostprocessing = 0;
			shellPath = /bin/sh;
			shellScript = "\"${PODS_ROOT}/Target Support Files/Pods-LiveScore/Pods-LiveScore-frameworks.sh\"\n";
			showEnvVarsInLog = 0;
		};
/* End PBXShellScriptBuildPhase section */

/* Begin PBXSourcesBuildPhase section */
		7F23ACB2284E437500CC98FF /* Sources */ = {
			isa = PBXSourcesBuildPhase;
			buildActionMask = 2147483647;
			files = (
				7F9804F1287D930300E2476D /* UIFont+Custom.swift in Sources */,
				7F2508F328545FD6000F70E2 /* SplashModel.swift in Sources */,
				7F23ACBA284E437500CC98FF /* AppDelegate.swift in Sources */,
				7F2508F628546A11000F70E2 /* NetworkManager.swift in Sources */,
				7FAACC33285332010039DA2F /* MainTabBarController.swift in Sources */,
				7FAACC3D28535C4F0039DA2F /* UIColor+Custom.swift in Sources */,
				7FAACC392853520B0039DA2F /* SplashViewModel.swift in Sources */,
				7FAACC2728531CEB0039DA2F /* SplashCollectionViewCell.swift in Sources */,
				7FAACC2D28532A6B0039DA2F /* HomeViewController.swift in Sources */,
				7F23ACBC284E437500CC98FF /* SceneDelegate.swift in Sources */,
				7F23ACDA284EAB0700CC98FF /* SplashViewController.swift in Sources */,
				7F980513287DB83A00E2476D /* MatchesViewController.swift in Sources */,
				7F980511287DB81400E2476D /* ExploreViewController.swift in Sources */,
			);
			runOnlyForDeploymentPostprocessing = 0;
		};
/* End PBXSourcesBuildPhase section */

/* Begin PBXVariantGroup section */
		7F23ACC4284E437D00CC98FF /* LaunchScreen.storyboard */ = {
			isa = PBXVariantGroup;
			children = (
				7F23ACC5284E437D00CC98FF /* Base */,
			);
			name = LaunchScreen.storyboard;
			sourceTree = "<group>";
		};
/* End PBXVariantGroup section */

/* Begin XCBuildConfiguration section */
		7F23ACC8284E437D00CC98FF /* Debug */ = {
			isa = XCBuildConfiguration;
			buildSettings = {
				ALWAYS_SEARCH_USER_PATHS = NO;
				CLANG_ANALYZER_NONNULL = YES;
				CLANG_ANALYZER_NUMBER_OBJECT_CONVERSION = YES_AGGRESSIVE;
				CLANG_CXX_LANGUAGE_STANDARD = "gnu++17";
				CLANG_CXX_LIBRARY = "libc++";
				CLANG_ENABLE_MODULES = YES;
				CLANG_ENABLE_OBJC_ARC = YES;
				CLANG_ENABLE_OBJC_WEAK = YES;
				CLANG_WARN_BLOCK_CAPTURE_AUTORELEASING = YES;
				CLANG_WARN_BOOL_CONVERSION = YES;
				CLANG_WARN_COMMA = YES;
				CLANG_WARN_CONSTANT_CONVERSION = YES;
				CLANG_WARN_DEPRECATED_OBJC_IMPLEMENTATIONS = YES;
				CLANG_WARN_DIRECT_OBJC_ISA_USAGE = YES_ERROR;
				CLANG_WARN_DOCUMENTATION_COMMENTS = YES;
				CLANG_WARN_EMPTY_BODY = YES;
				CLANG_WARN_ENUM_CONVERSION = YES;
				CLANG_WARN_INFINITE_RECURSION = YES;
				CLANG_WARN_INT_CONVERSION = YES;
				CLANG_WARN_NON_LITERAL_NULL_CONVERSION = YES;
				CLANG_WARN_OBJC_IMPLICIT_RETAIN_SELF = YES;
				CLANG_WARN_OBJC_LITERAL_CONVERSION = YES;
				CLANG_WARN_OBJC_ROOT_CLASS = YES_ERROR;
				CLANG_WARN_QUOTED_INCLUDE_IN_FRAMEWORK_HEADER = YES;
				CLANG_WARN_RANGE_LOOP_ANALYSIS = YES;
				CLANG_WARN_STRICT_PROTOTYPES = YES;
				CLANG_WARN_SUSPICIOUS_MOVE = YES;
				CLANG_WARN_UNGUARDED_AVAILABILITY = YES_AGGRESSIVE;
				CLANG_WARN_UNREACHABLE_CODE = YES;
				CLANG_WARN__DUPLICATE_METHOD_MATCH = YES;
				COPY_PHASE_STRIP = NO;
				DEBUG_INFORMATION_FORMAT = dwarf;
				ENABLE_STRICT_OBJC_MSGSEND = YES;
				ENABLE_TESTABILITY = YES;
				GCC_C_LANGUAGE_STANDARD = gnu11;
				GCC_DYNAMIC_NO_PIC = NO;
				GCC_NO_COMMON_BLOCKS = YES;
				GCC_OPTIMIZATION_LEVEL = 0;
				GCC_PREPROCESSOR_DEFINITIONS = (
					"DEBUG=1",
					"$(inherited)",
				);
				GCC_WARN_64_TO_32_BIT_CONVERSION = YES;
				GCC_WARN_ABOUT_RETURN_TYPE = YES_ERROR;
				GCC_WARN_UNDECLARED_SELECTOR = YES;
				GCC_WARN_UNINITIALIZED_AUTOS = YES_AGGRESSIVE;
				GCC_WARN_UNUSED_FUNCTION = YES;
				GCC_WARN_UNUSED_VARIABLE = YES;
				IPHONEOS_DEPLOYMENT_TARGET = 14.0;
				MTL_ENABLE_DEBUG_INFO = INCLUDE_SOURCE;
				MTL_FAST_MATH = YES;
				ONLY_ACTIVE_ARCH = YES;
				SDKROOT = iphoneos;
				SWIFT_ACTIVE_COMPILATION_CONDITIONS = DEBUG;
				SWIFT_OPTIMIZATION_LEVEL = "-Onone";
			};
			name = Debug;
		};
		7F23ACC9284E437D00CC98FF /* Release */ = {
			isa = XCBuildConfiguration;
			buildSettings = {
				ALWAYS_SEARCH_USER_PATHS = NO;
				CLANG_ANALYZER_NONNULL = YES;
				CLANG_ANALYZER_NUMBER_OBJECT_CONVERSION = YES_AGGRESSIVE;
				CLANG_CXX_LANGUAGE_STANDARD = "gnu++17";
				CLANG_CXX_LIBRARY = "libc++";
				CLANG_ENABLE_MODULES = YES;
				CLANG_ENABLE_OBJC_ARC = YES;
				CLANG_ENABLE_OBJC_WEAK = YES;
				CLANG_WARN_BLOCK_CAPTURE_AUTORELEASING = YES;
				CLANG_WARN_BOOL_CONVERSION = YES;
				CLANG_WARN_COMMA = YES;
				CLANG_WARN_CONSTANT_CONVERSION = YES;
				CLANG_WARN_DEPRECATED_OBJC_IMPLEMENTATIONS = YES;
				CLANG_WARN_DIRECT_OBJC_ISA_USAGE = YES_ERROR;
				CLANG_WARN_DOCUMENTATION_COMMENTS = YES;
				CLANG_WARN_EMPTY_BODY = YES;
				CLANG_WARN_ENUM_CONVERSION = YES;
				CLANG_WARN_INFINITE_RECURSION = YES;
				CLANG_WARN_INT_CONVERSION = YES;
				CLANG_WARN_NON_LITERAL_NULL_CONVERSION = YES;
				CLANG_WARN_OBJC_IMPLICIT_RETAIN_SELF = YES;
				CLANG_WARN_OBJC_LITERAL_CONVERSION = YES;
				CLANG_WARN_OBJC_ROOT_CLASS = YES_ERROR;
				CLANG_WARN_QUOTED_INCLUDE_IN_FRAMEWORK_HEADER = YES;
				CLANG_WARN_RANGE_LOOP_ANALYSIS = YES;
				CLANG_WARN_STRICT_PROTOTYPES = YES;
				CLANG_WARN_SUSPICIOUS_MOVE = YES;
				CLANG_WARN_UNGUARDED_AVAILABILITY = YES_AGGRESSIVE;
				CLANG_WARN_UNREACHABLE_CODE = YES;
				CLANG_WARN__DUPLICATE_METHOD_MATCH = YES;
				COPY_PHASE_STRIP = NO;
				DEBUG_INFORMATION_FORMAT = "dwarf-with-dsym";
				ENABLE_NS_ASSERTIONS = NO;
				ENABLE_STRICT_OBJC_MSGSEND = YES;
				GCC_C_LANGUAGE_STANDARD = gnu11;
				GCC_NO_COMMON_BLOCKS = YES;
				GCC_WARN_64_TO_32_BIT_CONVERSION = YES;
				GCC_WARN_ABOUT_RETURN_TYPE = YES_ERROR;
				GCC_WARN_UNDECLARED_SELECTOR = YES;
				GCC_WARN_UNINITIALIZED_AUTOS = YES_AGGRESSIVE;
				GCC_WARN_UNUSED_FUNCTION = YES;
				GCC_WARN_UNUSED_VARIABLE = YES;
				IPHONEOS_DEPLOYMENT_TARGET = 14.0;
				MTL_ENABLE_DEBUG_INFO = NO;
				MTL_FAST_MATH = YES;
				SDKROOT = iphoneos;
				SWIFT_COMPILATION_MODE = wholemodule;
				SWIFT_OPTIMIZATION_LEVEL = "-O";
				VALIDATE_PRODUCT = YES;
			};
			name = Release;
		};
		7F23ACCB284E437D00CC98FF /* Debug */ = {
			isa = XCBuildConfiguration;
			baseConfigurationReference = 77C68AE57AE1BB0AB773C7F4 /* Pods-LiveScore.debug.xcconfig */;
			buildSettings = {
				ASSETCATALOG_COMPILER_APPICON_NAME = AppIcon;
				ASSETCATALOG_COMPILER_GLOBAL_ACCENT_COLOR_NAME = AccentColor;
				ASSETCATALOG_COMPILER_INCLUDE_ALL_APPICON_ASSETS = NO;
				CODE_SIGN_STYLE = Automatic;
				CURRENT_PROJECT_VERSION = 1;
				DEVELOPMENT_TEAM = R354YBBVR5;
				GENERATE_INFOPLIST_FILE = YES;
				INFOPLIST_FILE = LiveScore/Info.plist;
				INFOPLIST_KEY_UIApplicationSupportsIndirectInputEvents = YES;
				INFOPLIST_KEY_UILaunchStoryboardName = LaunchScreen;
				INFOPLIST_KEY_UIStatusBarHidden = NO;
				INFOPLIST_KEY_UISupportedInterfaceOrientations = UIInterfaceOrientationPortrait;
				INFOPLIST_KEY_UISupportedInterfaceOrientations_iPad = "UIInterfaceOrientationPortrait UIInterfaceOrientationPortraitUpsideDown UIInterfaceOrientationLandscapeLeft UIInterfaceOrientationLandscapeRight";
				INFOPLIST_KEY_UISupportedInterfaceOrientations_iPhone = "UIInterfaceOrientationPortrait UIInterfaceOrientationLandscapeLeft UIInterfaceOrientationLandscapeRight";
				IPHONEOS_DEPLOYMENT_TARGET = 13.0;
				LD_RUNPATH_SEARCH_PATHS = (
					"$(inherited)",
					"@executable_path/Frameworks",
				);
				MARKETING_VERSION = 1.0;
				PRODUCT_BUNDLE_IDENTIFIER = com.balaTTV.LiveScore;
				PRODUCT_NAME = "$(TARGET_NAME)";
				SWIFT_EMIT_LOC_STRINGS = YES;
				SWIFT_VERSION = 5.0;
				TARGETED_DEVICE_FAMILY = 1;
			};
			name = Debug;
		};
		7F23ACCC284E437D00CC98FF /* Release */ = {
			isa = XCBuildConfiguration;
			baseConfigurationReference = 8B969D9B126483E12EDE93F0 /* Pods-LiveScore.release.xcconfig */;
			buildSettings = {
				ASSETCATALOG_COMPILER_APPICON_NAME = AppIcon;
				ASSETCATALOG_COMPILER_GLOBAL_ACCENT_COLOR_NAME = AccentColor;
				ASSETCATALOG_COMPILER_INCLUDE_ALL_APPICON_ASSETS = NO;
				CODE_SIGN_STYLE = Automatic;
				CURRENT_PROJECT_VERSION = 1;
				DEVELOPMENT_TEAM = R354YBBVR5;
				GENERATE_INFOPLIST_FILE = YES;
				INFOPLIST_FILE = LiveScore/Info.plist;
				INFOPLIST_KEY_UIApplicationSupportsIndirectInputEvents = YES;
				INFOPLIST_KEY_UILaunchStoryboardName = LaunchScreen;
				INFOPLIST_KEY_UIStatusBarHidden = NO;
				INFOPLIST_KEY_UISupportedInterfaceOrientations = UIInterfaceOrientationPortrait;
				INFOPLIST_KEY_UISupportedInterfaceOrientations_iPad = "UIInterfaceOrientationPortrait UIInterfaceOrientationPortraitUpsideDown UIInterfaceOrientationLandscapeLeft UIInterfaceOrientationLandscapeRight";
				INFOPLIST_KEY_UISupportedInterfaceOrientations_iPhone = "UIInterfaceOrientationPortrait UIInterfaceOrientationLandscapeLeft UIInterfaceOrientationLandscapeRight";
				IPHONEOS_DEPLOYMENT_TARGET = 13.0;
				LD_RUNPATH_SEARCH_PATHS = (
					"$(inherited)",
					"@executable_path/Frameworks",
				);
				MARKETING_VERSION = 1.0;
				PRODUCT_BUNDLE_IDENTIFIER = com.balaTTV.LiveScore;
				PRODUCT_NAME = "$(TARGET_NAME)";
				SWIFT_EMIT_LOC_STRINGS = YES;
				SWIFT_VERSION = 5.0;
				TARGETED_DEVICE_FAMILY = 1;
			};
			name = Release;
		};
/* End XCBuildConfiguration section */

/* Begin XCConfigurationList section */
		7F23ACB1284E437500CC98FF /* Build configuration list for PBXProject "LiveScore" */ = {
			isa = XCConfigurationList;
			buildConfigurations = (
				7F23ACC8284E437D00CC98FF /* Debug */,
				7F23ACC9284E437D00CC98FF /* Release */,
			);
			defaultConfigurationIsVisible = 0;
			defaultConfigurationName = Release;
		};
		7F23ACCA284E437D00CC98FF /* Build configuration list for PBXNativeTarget "LiveScore" */ = {
			isa = XCConfigurationList;
			buildConfigurations = (
				7F23ACCB284E437D00CC98FF /* Debug */,
				7F23ACCC284E437D00CC98FF /* Release */,
			);
			defaultConfigurationIsVisible = 0;
			defaultConfigurationName = Release;
		};
/* End XCConfigurationList section */
	};
	rootObject = 7F23ACAE284E437500CC98FF /* Project object */;
}
